<?xml version="1.0" encoding="utf-8"?>
<Project ToolsVersion="4.0" xmlns="http://schemas.microsoft.com/developer/msbuild/2003">
  <ItemGroup>
    <Filter Include="Source Files">
      <UniqueIdentifier>{4FC737F1-C7A5-4376-A066-2A32D752A2FF}</UniqueIdentifier>
      <Extensions>cpp;c;cc;cxx;def;odl;idl;hpj;bat;asm;asmx</Extensions>
    </Filter>
    <Filter Include="Header Files">
      <UniqueIdentifier>{93995380-89BD-4b04-88EB-625FBE52EBFB}</UniqueIdentifier>
      <Extensions>h;hh;hpp;hxx;hm;inl;inc;xsd</Extensions>
    </Filter>
    <Filter Include="Resource Files">
      <UniqueIdentifier>{67DA6AB6-F800-4c08-8B7A-83BB121AAD01}</UniqueIdentifier>
      <Extensions>rc;ico;cur;bmp;dlg;rc2;rct;bin;rgs;gif;jpg;jpeg;jpe;resx;tiff;tif;png;wav;mfcribbon-ms</Extensions>
    </Filter>
    <Filter Include="Header Files\Component">
      <UniqueIdentifier>{3d060df4-0b92-4d05-97ed-6a52d8adf834}</UniqueIdentifier>
    </Filter>
    <Filter Include="Header Files\Entity">
      <UniqueIdentifier>{ca453772-8e1c-4b63-a779-8b19f4a85e13}</UniqueIdentifier>
    </Filter>
    <Filter Include="Source Files\Components">
      <UniqueIdentifier>{81f2ee48-8fc3-4cdd-9438-60ce84654f9f}</UniqueIdentifier>
    </Filter>
    <Filter Include="Source Files\Entities">
      <UniqueIdentifier>{fc7fb197-c09a-4a01-8f2b-70d04acf943e}</UniqueIdentifier>
    </Filter>
  </ItemGroup>
  <ItemGroup>
    <ClInclude Include="inc\grok3d.h">
      <Filter>Header Files</Filter>
    </ClInclude>
    <ClInclude Include="inc\GrokUtils.h">
      <Filter>Header Files</Filter>
    </ClInclude>
    <ClInclude Include="inc\World.h">
      <Filter>Header Files</Filter>
    </ClInclude>
    <ClInclude Include="inc\Component\ComponentManager.h">
      <Filter>Header Files\Component</Filter>
    </ClInclude>
    <ClInclude Include="inc\Entity\EntityManager.h">
      <Filter>Header Files\Entity</Filter>
    </ClInclude>
    <ClInclude Include="inc\grok3d_types.h">
      <Filter>Header Files</Filter>
    </ClInclude>
    <ClInclude Include="inc\Entity\EntityHandle.h">
      <Filter>Header Files\Entity</Filter>
    </ClInclude>
    <ClInclude Include="inc\Component\TransformComponent.h">
      <Filter>Header Files</Filter>
    </ClInclude>
    <ClInclude Include="inc\Templates\is_valid.h">
      <Filter>Header Files</Filter>
    </ClInclude>
    <ClInclude Include="inc\Templates\enable_if.h">
      <Filter>Header Files</Filter>
    </ClInclude>
  </ItemGroup>
  <ItemGroup>
    <ClCompile Include="src\Component\ComponentManager.cpp">
      <Filter>Source Files\Components</Filter>
    </ClCompile>
    <ClCompile Include="src\Entity\EntityManager.cpp">
      <Filter>Source Files\Entities</Filter>
    </ClCompile>
    <ClCompile Include="src\Entity\EntityHandle.cpp">
      <Filter>Source Files\Entities</Filter>
    </ClCompile>
    <ClCompile Include="src\World.cpp">
      <Filter>Source Files</Filter>
    </ClCompile>
    <ClCompile Include="src\Component\TransformComponent.cpp">
      <Filter>Source Files</Filter>
    </ClCompile>
  </ItemGroup>
  <ItemGroup>
    <None Include="Grok3d_Windows.licenseheader" />
  </ItemGroup>
</Project>